# THIS IS AN AUTOGENERATED FILE. DO NOT EDIT THIS FILE DIRECTLY.
# yarn lockfile v1


embla-carousel-autoplay@^8.0.0-rc07:
  version "8.0.0-rc07"
  resolved "https://registry.yarnpkg.com/embla-carousel-autoplay/-/embla-carousel-autoplay-8.0.0-rc07.tgz#e155a4db96229a502e9a32e2163a3092bc72eac4"
  integrity sha512-gwtSBgwdmveGwaltjLhDJwdg55lUxvTxQ3V+zXyfJ/LvOwfWERyP6/DGJ99a0SJBI19N6DZyy1e2NB3HLrCIDw==
